# This file is autogenerated, do not edit; changes may be undone by the next 'dep ensure'.


[[projects]]
  branch = "master"
  digest = "1:c2463c8340cced73482c2591b1512d5e5ec8187e23679185ff2e8b99ee7551d5"
  name = "github.com/Al2Klimov/go-test-utils"
  packages = ["."]
  pruneopts = "UT"
  revision = "25ab962834f086b7dd37bdd0d78b95a9fe76476a"

[solve-meta]
  analyzer-name = "dep"
  analyzer-version = 1
  input-imports = ["github.com/Al2Klimov/go-test-utils"]
  solver-name = "gps-cdcl"
  solver-version = 1
